// !$*UTF8*$!
{
	archiveVersion = 1;
	classes = {
	};
	objectVersion = 46;
	objects = {

/* Begin PBXBuildFile section */
		7E428A201DB99C1F00F86041 /* locations.m in Sources */ = {isa = PBXBuildFile; fileRef = 7E428A1E1DB99C1F00F86041 /* locations.m */; settings = {COMPILER_FLAGS = "-fno-objc-arc"; }; };
		7E428A211DB99C1F00F86041 /* locations.m in Sources */ = {isa = PBXBuildFile; fileRef = 7E428A1E1DB99C1F00F86041 /* locations.m */; settings = {COMPILER_FLAGS = "-fno-objc-arc"; }; };
		7E428A221DB99C1F00F86041 /* locations.h in Headers */ = {isa = PBXBuildFile; fileRef = 7E428A1F1DB99C1F00F86041 /* locations.h */; };
		7E428A251DB99F2600F86041 /* logging.m in Sources */ = {isa = PBXBuildFile; fileRef = 7E428A231DB99F2600F86041 /* logging.m */; settings = {COMPILER_FLAGS = "-fno-objc-arc"; }; };
		7E428A261DB99F2600F86041 /* logging.m in Sources */ = {isa = PBXBuildFile; fileRef = 7E428A231DB99F2600F86041 /* logging.m */; settings = {COMPILER_FLAGS = "-fno-objc-arc"; }; };
		7E428A271DB99F2600F86041 /* logging.h in Headers */ = {isa = PBXBuildFile; fileRef = 7E428A241DB99F2600F86041 /* logging.h */; };
		7E428A2A1DBA834100F86041 /* device.m in Sources */ = {isa = PBXBuildFile; fileRef = 7E428A281DBA834100F86041 /* device.m */; settings = {COMPILER_FLAGS = "-fno-objc-arc"; }; };
		7E428A2B1DBA834100F86041 /* device.m in Sources */ = {isa = PBXBuildFile; fileRef = 7E428A281DBA834100F86041 /* device.m */; settings = {COMPILER_FLAGS = "-fno-objc-arc"; }; };
		7E428A2C1DBA834100F86041 /* device.h in Headers */ = {isa = PBXBuildFile; fileRef = 7E428A291DBA834100F86041 /* device.h */; };
		7E428A301DBA8A2900F86041 /* errors.h in Headers */ = {isa = PBXBuildFile; fileRef = 7E428A2F1DBA8A2900F86041 /* errors.h */; };
		7E428A321DBA8B7E00F86041 /* errors.c in Sources */ = {isa = PBXBuildFile; fileRef = 7E428A311DBA8B7E00F86041 /* errors.c */; };
		7E428A331DBA8B7E00F86041 /* errors.c in Sources */ = {isa = PBXBuildFile; fileRef = 7E428A311DBA8B7E00F86041 /* errors.c */; };
		7E428A361DBA8EA200F86041 /* process.m in Sources */ = {isa = PBXBuildFile; fileRef = 7E428A341DBA8EA200F86041 /* process.m */; settings = {COMPILER_FLAGS = "-fno-objc-arc"; }; };
		7E428A371DBA8EA200F86041 /* process.m in Sources */ = {isa = PBXBuildFile; fileRef = 7E428A341DBA8EA200F86041 /* process.m */; settings = {COMPILER_FLAGS = "-fno-objc-arc"; }; };
		7E428A381DBA8EA200F86041 /* process.h in Headers */ = {isa = PBXBuildFile; fileRef = 7E428A351DBA8EA200F86041 /* process.h */; };
		7E428A3B1DBA8EB700F86041 /* lldb.m in Sources */ = {isa = PBXBuildFile; fileRef = 7E428A391DBA8EB700F86041 /* lldb.m */; settings = {COMPILER_FLAGS = "-fno-objc-arc"; }; };
		7E428A3C1DBA8EB700F86041 /* lldb.m in Sources */ = {isa = PBXBuildFile; fileRef = 7E428A391DBA8EB700F86041 /* lldb.m */; settings = {COMPILER_FLAGS = "-fno-objc-arc"; }; };
		7E428A3D1DBA8EB700F86041 /* lldb.h in Headers */ = {isa = PBXBuildFile; fileRef = 7E428A3A1DBA8EB700F86041 /* lldb.h */; };
		7E428A401DBA915200F86041 /* appinfo.m in Sources */ = {isa = PBXBuildFile; fileRef = 7E428A3E1DBA915200F86041 /* appinfo.m */; settings = {COMPILER_FLAGS = "-fno-objc-arc"; }; };
		7E428A411DBA915200F86041 /* appinfo.m in Sources */ = {isa = PBXBuildFile; fileRef = 7E428A3E1DBA915200F86041 /* appinfo.m */; settings = {COMPILER_FLAGS = "-fno-objc-arc"; }; };
		7E428A421DBA915200F86041 /* appinfo.h in Headers */ = {isa = PBXBuildFile; fileRef = 7E428A3F1DBA915200F86041 /* appinfo.h */; };
		7E428A451DBA957100F86041 /* util.m in Sources */ = {isa = PBXBuildFile; fileRef = 7E428A431DBA957100F86041 /* util.m */; settings = {COMPILER_FLAGS = "-fno-objc-arc"; }; };
		7E428A461DBA957100F86041 /* util.m in Sources */ = {isa = PBXBuildFile; fileRef = 7E428A431DBA957100F86041 /* util.m */; settings = {COMPILER_FLAGS = "-fno-objc-arc"; }; };
		7E428A471DBA957100F86041 /* util.h in Headers */ = {isa = PBXBuildFile; fileRef = 7E428A441DBA957100F86041 /* util.h */; };
		7E428A4A1DBAA20800F86041 /* flags.m in Sources */ = {isa = PBXBuildFile; fileRef = 7E428A481DBAA20800F86041 /* flags.m */; settings = {COMPILER_FLAGS = "-fno-objc-arc"; }; };
		7E428A4B1DBAA20800F86041 /* flags.m in Sources */ = {isa = PBXBuildFile; fileRef = 7E428A481DBAA20800F86041 /* flags.m */; settings = {COMPILER_FLAGS = "-fno-objc-arc"; }; };
		7E428A4C1DBAA20800F86041 /* flags.h in Headers */ = {isa = PBXBuildFile; fileRef = 7E428A491DBAA20800F86041 /* flags.h */; };
		7E428A4E1DBABF0400F86041 /* MobileDevice.h in Headers */ = {isa = PBXBuildFile; fileRef = 7E428A4D1DBABF0400F86041 /* MobileDevice.h */; };
		7E428A501DBAC2E300F86041 /* lldb.py.h in Headers */ = {isa = PBXBuildFile; fileRef = 7E428A4F1DBAC2E300F86041 /* lldb.py.h */; };
		7E428A551DBAC34900F86041 /* command-list.h in Headers */ = {isa = PBXBuildFile; fileRef = 7E428A531DBAC34900F86041 /* command-list.h */; };
		7E428A561DBAC34900F86041 /* command-list.m in Sources */ = {isa = PBXBuildFile; fileRef = 7E428A541DBAC34900F86041 /* command-list.m */; settings = {COMPILER_FLAGS = "-fno-objc-arc"; }; };
		7E428A571DBAC34900F86041 /* command-list.m in Sources */ = {isa = PBXBuildFile; fileRef = 7E428A541DBAC34900F86041 /* command-list.m */; settings = {COMPILER_FLAGS = "-fno-objc-arc"; }; };
		7E428A5A1DBAC85100F86041 /* command-rm.m in Sources */ = {isa = PBXBuildFile; fileRef = 7E428A581DBAC85100F86041 /* command-rm.m */; settings = {COMPILER_FLAGS = "-fno-objc-arc"; }; };
		7E428A5B1DBAC85100F86041 /* command-rm.m in Sources */ = {isa = PBXBuildFile; fileRef = 7E428A581DBAC85100F86041 /* command-rm.m */; settings = {COMPILER_FLAGS = "-fno-objc-arc"; }; };
		7E428A5C1DBAC85100F86041 /* command-rm.h in Headers */ = {isa = PBXBuildFile; fileRef = 7E428A591DBAC85100F86041 /* command-rm.h */; };
		7E428A691DBAC91F00F86041 /* command-download.m in Sources */ = {isa = PBXBuildFile; fileRef = 7E428A5D1DBAC91F00F86041 /* command-download.m */; settings = {COMPILER_FLAGS = "-fno-objc-arc"; }; };
		7E428A6A1DBAC91F00F86041 /* command-download.m in Sources */ = {isa = PBXBuildFile; fileRef = 7E428A5D1DBAC91F00F86041 /* command-download.m */; settings = {COMPILER_FLAGS = "-fno-objc-arc"; }; };
		7E428A6B1DBAC91F00F86041 /* command-exists.m in Sources */ = {isa = PBXBuildFile; fileRef = 7E428A5E1DBAC91F00F86041 /* command-exists.m */; settings = {COMPILER_FLAGS = "-fno-objc-arc"; }; };
		7E428A6C1DBAC91F00F86041 /* command-exists.m in Sources */ = {isa = PBXBuildFile; fileRef = 7E428A5E1DBAC91F00F86041 /* command-exists.m */; settings = {COMPILER_FLAGS = "-fno-objc-arc"; }; };
		7E428A6D1DBAC91F00F86041 /* command-mkdir.m in Sources */ = {isa = PBXBuildFile; fileRef = 7E428A5F1DBAC91F00F86041 /* command-mkdir.m */; settings = {COMPILER_FLAGS = "-fno-objc-arc"; }; };
		7E428A6E1DBAC91F00F86041 /* command-mkdir.m in Sources */ = {isa = PBXBuildFile; fileRef = 7E428A5F1DBAC91F00F86041 /* command-mkdir.m */; settings = {COMPILER_FLAGS = "-fno-objc-arc"; }; };
		7E428A6F1DBAC91F00F86041 /* command-uninstall_only.m in Sources */ = {isa = PBXBuildFile; fileRef = 7E428A601DBAC91F00F86041 /* command-uninstall_only.m */; settings = {COMPILER_FLAGS = "-fno-objc-arc"; }; };
		7E428A701DBAC91F00F86041 /* command-uninstall_only.m in Sources */ = {isa = PBXBuildFile; fileRef = 7E428A601DBAC91F00F86041 /* command-uninstall_only.m */; settings = {COMPILER_FLAGS = "-fno-objc-arc"; }; };
		7E428A711DBAC91F00F86041 /* command-upload.m in Sources */ = {isa = PBXBuildFile; fileRef = 7E428A611DBAC91F00F86041 /* command-upload.m */; settings = {COMPILER_FLAGS = "-fno-objc-arc"; }; };
		7E428A721DBAC91F00F86041 /* command-upload.m in Sources */ = {isa = PBXBuildFile; fileRef = 7E428A611DBAC91F00F86041 /* command-upload.m */; settings = {COMPILER_FLAGS = "-fno-objc-arc"; }; };
		7E428A731DBAC91F00F86041 /* command-download.h in Headers */ = {isa = PBXBuildFile; fileRef = 7E428A621DBAC91F00F86041 /* command-download.h */; };
		7E428A741DBAC91F00F86041 /* command-exists.h in Headers */ = {isa = PBXBuildFile; fileRef = 7E428A631DBAC91F00F86041 /* command-exists.h */; };
		7E428A751DBAC91F00F86041 /* command-mkdir.h in Headers */ = {isa = PBXBuildFile; fileRef = 7E428A641DBAC91F00F86041 /* command-mkdir.h */; };
		7E428A761DBAC91F00F86041 /* command-uninstall_only.h in Headers */ = {isa = PBXBuildFile; fileRef = 7E428A651DBAC91F00F86041 /* command-uninstall_only.h */; };
		7E428A771DBAC91F00F86041 /* command-upload.h in Headers */ = {isa = PBXBuildFile; fileRef = 7E428A661DBAC91F00F86041 /* command-upload.h */; };
		7E428A781DBAC91F00F86041 /* command-list_bundle_id.m in Sources */ = {isa = PBXBuildFile; fileRef = 7E428A671DBAC91F00F86041 /* command-list_bundle_id.m */; settings = {COMPILER_FLAGS = "-fno-objc-arc"; }; };
		7E428A791DBAC91F00F86041 /* command-list_bundle_id.m in Sources */ = {isa = PBXBuildFile; fileRef = 7E428A671DBAC91F00F86041 /* command-list_bundle_id.m */; settings = {COMPILER_FLAGS = "-fno-objc-arc"; }; };
		7E428A7A1DBAC91F00F86041 /* command-list_bundle_id.h in Headers */ = {isa = PBXBuildFile; fileRef = 7E428A681DBAC91F00F86041 /* command-list_bundle_id.h */; };
		7E428A7F1DBAD37C00F86041 /* command-install.m in Sources */ = {isa = PBXBuildFile; fileRef = 7E428A7B1DBAD37C00F86041 /* command-install.m */; settings = {COMPILER_FLAGS = "-fno-objc-arc"; }; };
		7E428A801DBAD37C00F86041 /* command-install.m in Sources */ = {isa = PBXBuildFile; fileRef = 7E428A7B1DBAD37C00F86041 /* command-install.m */; settings = {COMPILER_FLAGS = "-fno-objc-arc"; }; };
		7E428A811DBAD37C00F86041 /* command-uninstall.m in Sources */ = {isa = PBXBuildFile; fileRef = 7E428A7C1DBAD37C00F86041 /* command-uninstall.m */; settings = {COMPILER_FLAGS = "-fno-objc-arc"; }; };
		7E428A821DBAD37C00F86041 /* command-uninstall.m in Sources */ = {isa = PBXBuildFile; fileRef = 7E428A7C1DBAD37C00F86041 /* command-uninstall.m */; settings = {COMPILER_FLAGS = "-fno-objc-arc"; }; };
		7E428A831DBAD37C00F86041 /* command-install.h in Headers */ = {isa = PBXBuildFile; fileRef = 7E428A7D1DBAD37C00F86041 /* command-install.h */; };
		7E428A841DBAD37C00F86041 /* command-uninstall.h in Headers */ = {isa = PBXBuildFile; fileRef = 7E428A7E1DBAD37C00F86041 /* command-uninstall.h */; };
		7E70899E1B587F29004D23AA /* CoreFoundation.framework in Frameworks */ = {isa = PBXBuildFile; fileRef = 7E70899D1B587F29004D23AA /* CoreFoundation.framework */; };
		7E7089A01B58801E004D23AA /* Foundation.framework in Frameworks */ = {isa = PBXBuildFile; fileRef = 7E70899F1B58801E004D23AA /* Foundation.framework */; };
		7E8E3A861C45D4CE0017F6C1 /* ios_deploy_tests.m in Sources */ = {isa = PBXBuildFile; fileRef = 7E8E3A851C45D4CE0017F6C1 /* ios_deploy_tests.m */; };
		7E8E3A921C45D5380017F6C1 /* libios_deploy.h in Headers */ = {isa = PBXBuildFile; fileRef = 7E8E3A911C45D5380017F6C1 /* libios_deploy.h */; settings = {ATTRIBUTES = (Public, ); }; };
		7E8E3A941C45D5380017F6C1 /* libios_deploy.m in Sources */ = {isa = PBXBuildFile; fileRef = 7E8E3A931C45D5380017F6C1 /* libios_deploy.m */; settings = {COMPILER_FLAGS = "-fno-objc-arc"; }; };
		7E8E3A9B1C45D5970017F6C1 /* Foundation.framework in Frameworks */ = {isa = PBXBuildFile; fileRef = 7E70899F1B58801E004D23AA /* Foundation.framework */; };
		7E8E3A9D1C45D6290017F6C1 /* CoreFoundation.framework in Frameworks */ = {isa = PBXBuildFile; fileRef = 7E70899D1B587F29004D23AA /* CoreFoundation.framework */; };
		7EDCC3CD1C45DC94002F9851 /* ios-deploy.m in Sources */ = {isa = PBXBuildFile; fileRef = 7E7089991B587DE4004D23AA /* ios-deploy.m */; settings = {COMPILER_FLAGS = "-fno-objc-arc"; }; };
/* End PBXBuildFile section */

/* Begin PBXContainerItemProxy section */
		7E8E3A991C45D5850017F6C1 /* PBXContainerItemProxy */ = {
			isa = PBXContainerItemProxy;
			containerPortal = 7E7089861B587BF3004D23AA /* Project object */;
			proxyType = 1;
			remoteGlobalIDString = 7E8E3A8E1C45D5380017F6C1;
			remoteInfo = "ios-deploy-lib";
		};
		7EDCC3CA1C45D933002F9851 /* PBXContainerItemProxy */ = {
			isa = PBXContainerItemProxy;
			containerPortal = 7E7089861B587BF3004D23AA /* Project object */;
			proxyType = 1;
			remoteGlobalIDString = 7E8E3A8E1C45D5380017F6C1;
			remoteInfo = "ios-deploy-lib";
		};
/* End PBXContainerItemProxy section */

/* Begin PBXFileReference section */
		7E1C00CC1C3C93AF00D686B5 /* version.h */ = {isa = PBXFileReference; fileEncoding = 4; lastKnownFileType = sourcecode.c.h; path = version.h; sourceTree = "<group>"; };
		7E1C00CF1C3C9ABB00D686B5 /* lldb.py */ = {isa = PBXFileReference; lastKnownFileType = text.script.python; name = lldb.py; path = src/scripts/lldb.py; sourceTree = SOURCE_ROOT; };
		7E428A1E1DB99C1F00F86041 /* locations.m */ = {isa = PBXFileReference; fileEncoding = 4; lastKnownFileType = sourcecode.c.objc; path = locations.m; sourceTree = "<group>"; };
		7E428A1F1DB99C1F00F86041 /* locations.h */ = {isa = PBXFileReference; fileEncoding = 4; lastKnownFileType = sourcecode.c.h; path = locations.h; sourceTree = "<group>"; };
		7E428A231DB99F2600F86041 /* logging.m */ = {isa = PBXFileReference; fileEncoding = 4; lastKnownFileType = sourcecode.c.objc; path = logging.m; sourceTree = "<group>"; };
		7E428A241DB99F2600F86041 /* logging.h */ = {isa = PBXFileReference; fileEncoding = 4; lastKnownFileType = sourcecode.c.h; path = logging.h; sourceTree = "<group>"; };
		7E428A281DBA834100F86041 /* device.m */ = {isa = PBXFileReference; fileEncoding = 4; lastKnownFileType = sourcecode.c.objc; path = device.m; sourceTree = "<group>"; };
		7E428A291DBA834100F86041 /* device.h */ = {isa = PBXFileReference; fileEncoding = 4; lastKnownFileType = sourcecode.c.h; path = device.h; sourceTree = "<group>"; };
		7E428A2D1DBA84EC00F86041 /* amdevice.h */ = {isa = PBXFileReference; lastKnownFileType = sourcecode.c.h; path = amdevice.h; sourceTree = "<group>"; };
		7E428A2E1DBA881600F86041 /* structs.h */ = {isa = PBXFileReference; lastKnownFileType = sourcecode.c.h; path = structs.h; sourceTree = "<group>"; };
		7E428A2F1DBA8A2900F86041 /* errors.h */ = {isa = PBXFileReference; fileEncoding = 4; lastKnownFileType = sourcecode.c.h; path = errors.h; sourceTree = "<group>"; };
		7E428A311DBA8B7E00F86041 /* errors.c */ = {isa = PBXFileReference; fileEncoding = 4; lastKnownFileType = sourcecode.c.c; path = errors.c; sourceTree = "<group>"; };
		7E428A341DBA8EA200F86041 /* process.m */ = {isa = PBXFileReference; fileEncoding = 4; lastKnownFileType = sourcecode.c.objc; path = process.m; sourceTree = "<group>"; };
		7E428A351DBA8EA200F86041 /* process.h */ = {isa = PBXFileReference; fileEncoding = 4; lastKnownFileType = sourcecode.c.h; path = process.h; sourceTree = "<group>"; };
		7E428A391DBA8EB700F86041 /* lldb.m */ = {isa = PBXFileReference; fileEncoding = 4; lastKnownFileType = sourcecode.c.objc; path = lldb.m; sourceTree = "<group>"; };
		7E428A3A1DBA8EB700F86041 /* lldb.h */ = {isa = PBXFileReference; fileEncoding = 4; lastKnownFileType = sourcecode.c.h; path = lldb.h; sourceTree = "<group>"; };
		7E428A3E1DBA915200F86041 /* appinfo.m */ = {isa = PBXFileReference; fileEncoding = 4; lastKnownFileType = sourcecode.c.objc; path = appinfo.m; sourceTree = "<group>"; };
		7E428A3F1DBA915200F86041 /* appinfo.h */ = {isa = PBXFileReference; fileEncoding = 4; lastKnownFileType = sourcecode.c.h; path = appinfo.h; sourceTree = "<group>"; };
		7E428A431DBA957100F86041 /* util.m */ = {isa = PBXFileReference; fileEncoding = 4; lastKnownFileType = sourcecode.c.objc; path = util.m; sourceTree = "<group>"; };
		7E428A441DBA957100F86041 /* util.h */ = {isa = PBXFileReference; fileEncoding = 4; lastKnownFileType = sourcecode.c.h; path = util.h; sourceTree = "<group>"; };
		7E428A481DBAA20800F86041 /* flags.m */ = {isa = PBXFileReference; fileEncoding = 4; lastKnownFileType = sourcecode.c.objc; path = flags.m; sourceTree = "<group>"; };
		7E428A491DBAA20800F86041 /* flags.h */ = {isa = PBXFileReference; fileEncoding = 4; lastKnownFileType = sourcecode.c.h; path = flags.h; sourceTree = "<group>"; };
		7E428A4D1DBABF0400F86041 /* MobileDevice.h */ = {isa = PBXFileReference; fileEncoding = 4; lastKnownFileType = sourcecode.c.h; path = MobileDevice.h; sourceTree = "<group>"; };
		7E428A4F1DBAC2E300F86041 /* lldb.py.h */ = {isa = PBXFileReference; fileEncoding = 4; lastKnownFileType = sourcecode.c.h; path = lldb.py.h; sourceTree = "<group>"; };
		7E428A531DBAC34900F86041 /* command-list.h */ = {isa = PBXFileReference; fileEncoding = 4; lastKnownFileType = sourcecode.c.h; path = "command-list.h"; sourceTree = "<group>"; };
		7E428A541DBAC34900F86041 /* command-list.m */ = {isa = PBXFileReference; fileEncoding = 4; lastKnownFileType = sourcecode.c.objc; path = "command-list.m"; sourceTree = "<group>"; };
		7E428A581DBAC85100F86041 /* command-rm.m */ = {isa = PBXFileReference; fileEncoding = 4; lastKnownFileType = sourcecode.c.objc; path = "command-rm.m"; sourceTree = "<group>"; };
		7E428A591DBAC85100F86041 /* command-rm.h */ = {isa = PBXFileReference; fileEncoding = 4; lastKnownFileType = sourcecode.c.h; path = "command-rm.h"; sourceTree = "<group>"; };
		7E428A5D1DBAC91F00F86041 /* command-download.m */ = {isa = PBXFileReference; fileEncoding = 4; lastKnownFileType = sourcecode.c.objc; path = "command-download.m"; sourceTree = "<group>"; };
		7E428A5E1DBAC91F00F86041 /* command-exists.m */ = {isa = PBXFileReference; fileEncoding = 4; lastKnownFileType = sourcecode.c.objc; path = "command-exists.m"; sourceTree = "<group>"; };
		7E428A5F1DBAC91F00F86041 /* command-mkdir.m */ = {isa = PBXFileReference; fileEncoding = 4; lastKnownFileType = sourcecode.c.objc; path = "command-mkdir.m"; sourceTree = "<group>"; };
		7E428A601DBAC91F00F86041 /* command-uninstall_only.m */ = {isa = PBXFileReference; fileEncoding = 4; lastKnownFileType = sourcecode.c.objc; path = "command-uninstall_only.m"; sourceTree = "<group>"; };
		7E428A611DBAC91F00F86041 /* command-upload.m */ = {isa = PBXFileReference; fileEncoding = 4; lastKnownFileType = sourcecode.c.objc; path = "command-upload.m"; sourceTree = "<group>"; };
		7E428A621DBAC91F00F86041 /* command-download.h */ = {isa = PBXFileReference; fileEncoding = 4; lastKnownFileType = sourcecode.c.h; path = "command-download.h"; sourceTree = "<group>"; };
		7E428A631DBAC91F00F86041 /* command-exists.h */ = {isa = PBXFileReference; fileEncoding = 4; lastKnownFileType = sourcecode.c.h; path = "command-exists.h"; sourceTree = "<group>"; };
		7E428A641DBAC91F00F86041 /* command-mkdir.h */ = {isa = PBXFileReference; fileEncoding = 4; lastKnownFileType = sourcecode.c.h; path = "command-mkdir.h"; sourceTree = "<group>"; };
		7E428A651DBAC91F00F86041 /* command-uninstall_only.h */ = {isa = PBXFileReference; fileEncoding = 4; lastKnownFileType = sourcecode.c.h; path = "command-uninstall_only.h"; sourceTree = "<group>"; };
		7E428A661DBAC91F00F86041 /* command-upload.h */ = {isa = PBXFileReference; fileEncoding = 4; lastKnownFileType = sourcecode.c.h; path = "command-upload.h"; sourceTree = "<group>"; };
		7E428A671DBAC91F00F86041 /* command-list_bundle_id.m */ = {isa = PBXFileReference; fileEncoding = 4; lastKnownFileType = sourcecode.c.objc; path = "command-list_bundle_id.m"; sourceTree = "<group>"; };
		7E428A681DBAC91F00F86041 /* command-list_bundle_id.h */ = {isa = PBXFileReference; fileEncoding = 4; lastKnownFileType = sourcecode.c.h; path = "command-list_bundle_id.h"; sourceTree = "<group>"; };
		7E428A7B1DBAD37C00F86041 /* command-install.m */ = {isa = PBXFileReference; fileEncoding = 4; lastKnownFileType = sourcecode.c.objc; path = "command-install.m"; sourceTree = "<group>"; };
		7E428A7C1DBAD37C00F86041 /* command-uninstall.m */ = {isa = PBXFileReference; fileEncoding = 4; lastKnownFileType = sourcecode.c.objc; path = "command-uninstall.m"; sourceTree = "<group>"; };
		7E428A7D1DBAD37C00F86041 /* command-install.h */ = {isa = PBXFileReference; fileEncoding = 4; lastKnownFileType = sourcecode.c.h; path = "command-install.h"; sourceTree = "<group>"; };
		7E428A7E1DBAD37C00F86041 /* command-uninstall.h */ = {isa = PBXFileReference; fileEncoding = 4; lastKnownFileType = sourcecode.c.h; path = "command-uninstall.h"; sourceTree = "<group>"; };
		7E70898E1B587BF3004D23AA /* ios-deploy */ = {isa = PBXFileReference; explicitFileType = "compiled.mach-o.executable"; includeInIndex = 0; path = "ios-deploy"; sourceTree = BUILT_PRODUCTS_DIR; };
		7E7089991B587DE4004D23AA /* ios-deploy.m */ = {isa = PBXFileReference; fileEncoding = 4; lastKnownFileType = sourcecode.c.objc; path = "ios-deploy.m"; sourceTree = "<group>"; };
		7E70899D1B587F29004D23AA /* CoreFoundation.framework */ = {isa = PBXFileReference; lastKnownFileType = wrapper.framework; name = CoreFoundation.framework; path = System/Library/Frameworks/CoreFoundation.framework; sourceTree = SDKROOT; };
		7E70899F1B58801E004D23AA /* Foundation.framework */ = {isa = PBXFileReference; lastKnownFileType = wrapper.framework; name = Foundation.framework; path = System/Library/Frameworks/Foundation.framework; sourceTree = SDKROOT; };
		7E8E3A831C45D4CE0017F6C1 /* ios-deploy-tests.xctest */ = {isa = PBXFileReference; explicitFileType = wrapper.cfbundle; includeInIndex = 0; path = "ios-deploy-tests.xctest"; sourceTree = BUILT_PRODUCTS_DIR; };
		7E8E3A851C45D4CE0017F6C1 /* ios_deploy_tests.m */ = {isa = PBXFileReference; lastKnownFileType = sourcecode.c.objc; path = ios_deploy_tests.m; sourceTree = "<group>"; };
		7E8E3A871C45D4CE0017F6C1 /* Info.plist */ = {isa = PBXFileReference; lastKnownFileType = text.plist.xml; path = Info.plist; sourceTree = "<group>"; };
		7E8E3A8F1C45D5380017F6C1 /* libios-deploy.a */ = {isa = PBXFileReference; explicitFileType = archive.ar; includeInIndex = 0; path = "libios-deploy.a"; sourceTree = BUILT_PRODUCTS_DIR; };
		7E8E3A911C45D5380017F6C1 /* libios_deploy.h */ = {isa = PBXFileReference; lastKnownFileType = sourcecode.c.h; path = libios_deploy.h; sourceTree = "<group>"; };
		7E8E3A931C45D5380017F6C1 /* libios_deploy.m */ = {isa = PBXFileReference; lastKnownFileType = sourcecode.c.objc; path = libios_deploy.m; sourceTree = "<group>"; };
		7EDCC3CE1C45DFF0002F9851 /* check_reqs.js */ = {isa = PBXFileReference; fileEncoding = 4; lastKnownFileType = sourcecode.javascript; path = check_reqs.js; sourceTree = "<group>"; };
/* End PBXFileReference section */

/* Begin PBXFrameworksBuildPhase section */
		7E70898B1B587BF3004D23AA /* Frameworks */ = {
			isa = PBXFrameworksBuildPhase;
			buildActionMask = 2147483647;
			files = (
				7E7089A01B58801E004D23AA /* Foundation.framework in Frameworks */,
				7E70899E1B587F29004D23AA /* CoreFoundation.framework in Frameworks */,
			);
			runOnlyForDeploymentPostprocessing = 0;
		};
		7E8E3A801C45D4CE0017F6C1 /* Frameworks */ = {
			isa = PBXFrameworksBuildPhase;
			buildActionMask = 2147483647;
			files = (
			);
			runOnlyForDeploymentPostprocessing = 0;
		};
		7E8E3A8C1C45D5380017F6C1 /* Frameworks */ = {
			isa = PBXFrameworksBuildPhase;
			buildActionMask = 2147483647;
			files = (
				7E8E3A9D1C45D6290017F6C1 /* CoreFoundation.framework in Frameworks */,
				7E8E3A9B1C45D5970017F6C1 /* Foundation.framework in Frameworks */,
			);
			runOnlyForDeploymentPostprocessing = 0;
		};
/* End PBXFrameworksBuildPhase section */

/* Begin PBXGroup section */
		7E1C00CE1C3C9A7700D686B5 /* scripts */ = {
			isa = PBXGroup;
			children = (
				7EDCC3CE1C45DFF0002F9851 /* check_reqs.js */,
				7E1C00CF1C3C9ABB00D686B5 /* lldb.py */,
			);
			name = scripts;
			path = src/scripts;
			sourceTree = "<group>";
		};
		7E428A521DBAC34900F86041 /* commands */ = {
			isa = PBXGroup;
			children = (
				7E428A7D1DBAD37C00F86041 /* command-install.h */,
				7E428A7B1DBAD37C00F86041 /* command-install.m */,
				7E428A7E1DBAD37C00F86041 /* command-uninstall.h */,
				7E428A7C1DBAD37C00F86041 /* command-uninstall.m */,
				7E428A621DBAC91F00F86041 /* command-download.h */,
				7E428A5D1DBAC91F00F86041 /* command-download.m */,
				7E428A631DBAC91F00F86041 /* command-exists.h */,
				7E428A5E1DBAC91F00F86041 /* command-exists.m */,
				7E428A641DBAC91F00F86041 /* command-mkdir.h */,
				7E428A5F1DBAC91F00F86041 /* command-mkdir.m */,
				7E428A651DBAC91F00F86041 /* command-uninstall_only.h */,
				7E428A601DBAC91F00F86041 /* command-uninstall_only.m */,
				7E428A661DBAC91F00F86041 /* command-upload.h */,
				7E428A611DBAC91F00F86041 /* command-upload.m */,
				7E428A681DBAC91F00F86041 /* command-list_bundle_id.h */,
				7E428A671DBAC91F00F86041 /* command-list_bundle_id.m */,
				7E428A591DBAC85100F86041 /* command-rm.h */,
				7E428A581DBAC85100F86041 /* command-rm.m */,
				7E428A531DBAC34900F86041 /* command-list.h */,
				7E428A541DBAC34900F86041 /* command-list.m */,
			);
			path = commands;
			sourceTree = "<group>";
		};
		7E7089851B587BF3004D23AA = {
			isa = PBXGroup;
			children = (
				7E1C00CE1C3C9A7700D686B5 /* scripts */,
				7E7089901B587BF3004D23AA /* ios-deploy */,
				7E8E3A841C45D4CE0017F6C1 /* ios-deploy-tests */,
				7E8E3A901C45D5380017F6C1 /* ios-deploy-lib */,
				7E7089A21B588219004D23AA /* Frameworks */,
				7E70898F1B587BF3004D23AA /* Products */,
			);
			sourceTree = "<group>";
		};
		7E70898F1B587BF3004D23AA /* Products */ = {
			isa = PBXGroup;
			children = (
				7E70898E1B587BF3004D23AA /* ios-deploy */,
				7E8E3A831C45D4CE0017F6C1 /* ios-deploy-tests.xctest */,
				7E8E3A8F1C45D5380017F6C1 /* libios-deploy.a */,
			);
			name = Products;
			sourceTree = "<group>";
		};
		7E7089901B587BF3004D23AA /* ios-deploy */ = {
			isa = PBXGroup;
			children = (
				7E1C00CC1C3C93AF00D686B5 /* version.h */,
				7E7089991B587DE4004D23AA /* ios-deploy.m */,
			);
			name = "ios-deploy";
			path = "src/ios-deploy";
			sourceTree = "<group>";
		};
		7E7089A21B588219004D23AA /* Frameworks */ = {
			isa = PBXGroup;
			children = (
				7E70899F1B58801E004D23AA /* Foundation.framework */,
				7E70899D1B587F29004D23AA /* CoreFoundation.framework */,
			);
			name = Frameworks;
			sourceTree = "<group>";
		};
		7E8E3A841C45D4CE0017F6C1 /* ios-deploy-tests */ = {
			isa = PBXGroup;
			children = (
				7E8E3A851C45D4CE0017F6C1 /* ios_deploy_tests.m */,
				7E8E3A871C45D4CE0017F6C1 /* Info.plist */,
			);
			name = "ios-deploy-tests";
			path = "src/ios-deploy-tests";
			sourceTree = "<group>";
		};
		7E8E3A901C45D5380017F6C1 /* ios-deploy-lib */ = {
			isa = PBXGroup;
			children = (
				7E428A521DBAC34900F86041 /* commands */,
				7E428A4F1DBAC2E300F86041 /* lldb.py.h */,
				7E428A4D1DBABF0400F86041 /* MobileDevice.h */,
				7E428A2F1DBA8A2900F86041 /* errors.h */,
				7E428A311DBA8B7E00F86041 /* errors.c */,
				7E8E3A911C45D5380017F6C1 /* libios_deploy.h */,
				7E8E3A931C45D5380017F6C1 /* libios_deploy.m */,
				7E428A1E1DB99C1F00F86041 /* locations.m */,
				7E428A1F1DB99C1F00F86041 /* locations.h */,
				7E428A231DB99F2600F86041 /* logging.m */,
				7E428A241DB99F2600F86041 /* logging.h */,
				7E428A281DBA834100F86041 /* device.m */,
				7E428A291DBA834100F86041 /* device.h */,
				7E428A2D1DBA84EC00F86041 /* amdevice.h */,
				7E428A2E1DBA881600F86041 /* structs.h */,
				7E428A341DBA8EA200F86041 /* process.m */,
				7E428A351DBA8EA200F86041 /* process.h */,
				7E428A391DBA8EB700F86041 /* lldb.m */,
				7E428A3A1DBA8EB700F86041 /* lldb.h */,
				7E428A3E1DBA915200F86041 /* appinfo.m */,
				7E428A3F1DBA915200F86041 /* appinfo.h */,
				7E428A431DBA957100F86041 /* util.m */,
				7E428A441DBA957100F86041 /* util.h */,
				7E428A481DBAA20800F86041 /* flags.m */,
				7E428A491DBAA20800F86041 /* flags.h */,
			);
			name = "ios-deploy-lib";
			path = "src/ios-deploy-lib";
			sourceTree = "<group>";
		};
/* End PBXGroup section */

/* Begin PBXHeadersBuildPhase section */
		7E8E3A8D1C45D5380017F6C1 /* Headers */ = {
			isa = PBXHeadersBuildPhase;
			buildActionMask = 2147483647;
			files = (
				7E428A471DBA957100F86041 /* util.h in Headers */,
				7E428A4E1DBABF0400F86041 /* MobileDevice.h in Headers */,
				7E428A831DBAD37C00F86041 /* command-install.h in Headers */,
				7E428A751DBAC91F00F86041 /* command-mkdir.h in Headers */,
				7E428A741DBAC91F00F86041 /* command-exists.h in Headers */,
				7E428A731DBAC91F00F86041 /* command-download.h in Headers */,
				7E8E3A921C45D5380017F6C1 /* libios_deploy.h in Headers */,
				7E428A5C1DBAC85100F86041 /* command-rm.h in Headers */,
				7E428A271DB99F2600F86041 /* logging.h in Headers */,
				7E428A501DBAC2E300F86041 /* lldb.py.h in Headers */,
				7E428A761DBAC91F00F86041 /* command-uninstall_only.h in Headers */,
				7E428A551DBAC34900F86041 /* command-list.h in Headers */,
				7E428A381DBA8EA200F86041 /* process.h in Headers */,
				7E428A841DBAD37C00F86041 /* command-uninstall.h in Headers */,
				7E428A4C1DBAA20800F86041 /* flags.h in Headers */,
				7E428A3D1DBA8EB700F86041 /* lldb.h in Headers */,
				7E428A771DBAC91F00F86041 /* command-upload.h in Headers */,
				7E428A7A1DBAC91F00F86041 /* command-list_bundle_id.h in Headers */,
				7E428A421DBA915200F86041 /* appinfo.h in Headers */,
				7E428A2C1DBA834100F86041 /* device.h in Headers */,
				7E428A221DB99C1F00F86041 /* locations.h in Headers */,
				7E428A301DBA8A2900F86041 /* errors.h in Headers */,
			);
			runOnlyForDeploymentPostprocessing = 0;
		};
/* End PBXHeadersBuildPhase section */

/* Begin PBXNativeTarget section */
		7E70898D1B587BF3004D23AA /* ios-deploy */ = {
			isa = PBXNativeTarget;
			buildConfigurationList = 7E7089951B587BF3004D23AA /* Build configuration list for PBXNativeTarget "ios-deploy" */;
			buildPhases = (
				7EDCC3CF1C45E03B002F9851 /* ShellScript */,
				7E70898B1B587BF3004D23AA /* Frameworks */,
				7EDCC3CC1C45DC89002F9851 /* Sources */,
			);
			buildRules = (
			);
			dependencies = (
				7E8E3A9A1C45D5850017F6C1 /* PBXTargetDependency */,
			);
			name = "ios-deploy";
			productName = "ios-deploy";
			productReference = 7E70898E1B587BF3004D23AA /* ios-deploy */;
			productType = "com.apple.product-type.tool";
		};
		7E8E3A821C45D4CE0017F6C1 /* ios-deploy-tests */ = {
			isa = PBXNativeTarget;
			buildConfigurationList = 7E8E3A8A1C45D4CE0017F6C1 /* Build configuration list for PBXNativeTarget "ios-deploy-tests" */;
			buildPhases = (
				7E8E3A7F1C45D4CE0017F6C1 /* Sources */,
				7E8E3A801C45D4CE0017F6C1 /* Frameworks */,
				7E8E3A811C45D4CE0017F6C1 /* Resources */,
			);
			buildRules = (
			);
			dependencies = (
				7EDCC3CB1C45D933002F9851 /* PBXTargetDependency */,
			);
			name = "ios-deploy-tests";
			productName = "ios-deploy-tests";
			productReference = 7E8E3A831C45D4CE0017F6C1 /* ios-deploy-tests.xctest */;
			productType = "com.apple.product-type.bundle.unit-test";
		};
		7E8E3A8E1C45D5380017F6C1 /* ios-deploy-lib */ = {
			isa = PBXNativeTarget;
			buildConfigurationList = 7E8E3A951C45D5380017F6C1 /* Build configuration list for PBXNativeTarget "ios-deploy-lib" */;
			buildPhases = (
				7E8E3A8B1C45D5380017F6C1 /* Sources */,
				7E8E3A8C1C45D5380017F6C1 /* Frameworks */,
				7E8E3A8D1C45D5380017F6C1 /* Headers */,
			);
			buildRules = (
			);
			dependencies = (
			);
			name = "ios-deploy-lib";
			productName = "ios-deploy-lib";
			productReference = 7E8E3A8F1C45D5380017F6C1 /* libios-deploy.a */;
			productType = "com.apple.product-type.library.static";
		};
/* End PBXNativeTarget section */

/* Begin PBXProject section */
		7E7089861B587BF3004D23AA /* Project object */ = {
			isa = PBXProject;
			attributes = {
				LastUpgradeCheck = 0800;
				ORGANIZATIONNAME = PhoneGap;
				TargetAttributes = {
					7E70898D1B587BF3004D23AA = {
						CreatedOnToolsVersion = 6.4;
					};
					7E8E3A821C45D4CE0017F6C1 = {
						CreatedOnToolsVersion = 7.2;
					};
					7E8E3A8E1C45D5380017F6C1 = {
						CreatedOnToolsVersion = 7.2;
					};
				};
			};
			buildConfigurationList = 7E7089891B587BF3004D23AA /* Build configuration list for PBXProject "ios-deploy" */;
			compatibilityVersion = "Xcode 3.2";
			developmentRegion = English;
			hasScannedForEncodings = 0;
			knownRegions = (
				en,
				Base,
			);
			mainGroup = 7E7089851B587BF3004D23AA;
			productRefGroup = 7E70898F1B587BF3004D23AA /* Products */;
			projectDirPath = "";
			projectRoot = "";
			targets = (
				7E70898D1B587BF3004D23AA /* ios-deploy */,
				7E8E3A821C45D4CE0017F6C1 /* ios-deploy-tests */,
				7E8E3A8E1C45D5380017F6C1 /* ios-deploy-lib */,
			);
		};
/* End PBXProject section */

/* Begin PBXResourcesBuildPhase section */
		7E8E3A811C45D4CE0017F6C1 /* Resources */ = {
			isa = PBXResourcesBuildPhase;
			buildActionMask = 2147483647;
			files = (
			);
			runOnlyForDeploymentPostprocessing = 0;
		};
/* End PBXResourcesBuildPhase section */

/* Begin PBXShellScriptBuildPhase section */
		7EDCC3CF1C45E03B002F9851 /* ShellScript */ = {
			isa = PBXShellScriptBuildPhase;
			buildActionMask = 2147483647;
			files = (
			);
			inputPaths = (
			);
			outputPaths = (
			);
			runOnlyForDeploymentPostprocessing = 0;
			shellPath = /bin/sh;
			shellScript = "echo \"\\\"# AUTO-GENERATED - DO NOT MODIFY\\n\\\"\" > src/ios-deploy-lib/lldb.py.h\nawk '{ print \"\\\"\"$0\"\\\\n\\\"\"}' src/scripts/lldb.py >> src/ios-deploy-lib/lldb.py.h";
		};
/* End PBXShellScriptBuildPhase section */

/* Begin PBXSourcesBuildPhase section */
		7E8E3A7F1C45D4CE0017F6C1 /* Sources */ = {
			isa = PBXSourcesBuildPhase;
			buildActionMask = 2147483647;
			files = (
				7E8E3A861C45D4CE0017F6C1 /* ios_deploy_tests.m in Sources */,
			);
			runOnlyForDeploymentPostprocessing = 0;
		};
		7E8E3A8B1C45D5380017F6C1 /* Sources */ = {
			isa = PBXSourcesBuildPhase;
			buildActionMask = 2147483647;
			files = (
				7E428A3C1DBA8EB700F86041 /* lldb.m in Sources */,
				7E428A211DB99C1F00F86041 /* locations.m in Sources */,
				7E428A721DBAC91F00F86041 /* command-upload.m in Sources */,
				7E428A5B1DBAC85100F86041 /* command-rm.m in Sources */,
				7E428A2B1DBA834100F86041 /* device.m in Sources */,
				7E428A261DB99F2600F86041 /* logging.m in Sources */,
				7E428A6C1DBAC91F00F86041 /* command-exists.m in Sources */,
				7E8E3A941C45D5380017F6C1 /* libios_deploy.m in Sources */,
				7E428A821DBAD37C00F86041 /* command-uninstall.m in Sources */,
				7E428A571DBAC34900F86041 /* command-list.m in Sources */,
				7E428A331DBA8B7E00F86041 /* errors.c in Sources */,
				7E428A6A1DBAC91F00F86041 /* command-download.m in Sources */,
				7E428A701DBAC91F00F86041 /* command-uninstall_only.m in Sources */,
				7E428A791DBAC91F00F86041 /* command-list_bundle_id.m in Sources */,
				7E428A371DBA8EA200F86041 /* process.m in Sources */,
				7E428A411DBA915200F86041 /* appinfo.m in Sources */,
				7E428A461DBA957100F86041 /* util.m in Sources */,
				7E428A6E1DBAC91F00F86041 /* command-mkdir.m in Sources */,
				7E428A801DBAD37C00F86041 /* command-install.m in Sources */,
				7E428A4B1DBAA20800F86041 /* flags.m in Sources */,
			);
			runOnlyForDeploymentPostprocessing = 0;
		};
		7EDCC3CC1C45DC89002F9851 /* Sources */ = {
			isa = PBXSourcesBuildPhase;
			buildActionMask = 2147483647;
			files = (
				7E428A3B1DBA8EB700F86041 /* lldb.m in Sources */,
				7E428A201DB99C1F00F86041 /* locations.m in Sources */,
				7E428A711DBAC91F00F86041 /* command-upload.m in Sources */,
				7E428A5A1DBAC85100F86041 /* command-rm.m in Sources */,
				7E428A2A1DBA834100F86041 /* device.m in Sources */,
				7E428A251DB99F2600F86041 /* logging.m in Sources */,
				7E428A6B1DBAC91F00F86041 /* command-exists.m in Sources */,
				7EDCC3CD1C45DC94002F9851 /* ios-deploy.m in Sources */,
				7E428A811DBAD37C00F86041 /* command-uninstall.m in Sources */,
				7E428A561DBAC34900F86041 /* command-list.m in Sources */,
				7E428A321DBA8B7E00F86041 /* errors.c in Sources */,
				7E428A691DBAC91F00F86041 /* command-download.m in Sources */,
				7E428A6F1DBAC91F00F86041 /* command-uninstall_only.m in Sources */,
				7E428A781DBAC91F00F86041 /* command-list_bundle_id.m in Sources */,
				7E428A361DBA8EA200F86041 /* process.m in Sources */,
				7E428A401DBA915200F86041 /* appinfo.m in Sources */,
				7E428A451DBA957100F86041 /* util.m in Sources */,
				7E428A6D1DBAC91F00F86041 /* command-mkdir.m in Sources */,
				7E428A7F1DBAD37C00F86041 /* command-install.m in Sources */,
				7E428A4A1DBAA20800F86041 /* flags.m in Sources */,
			);
			runOnlyForDeploymentPostprocessing = 0;
		};
/* End PBXSourcesBuildPhase section */

/* Begin PBXTargetDependency section */
		7E8E3A9A1C45D5850017F6C1 /* PBXTargetDependency */ = {
			isa = PBXTargetDependency;
			target = 7E8E3A8E1C45D5380017F6C1 /* ios-deploy-lib */;
			targetProxy = 7E8E3A991C45D5850017F6C1 /* PBXContainerItemProxy */;
		};
		7EDCC3CB1C45D933002F9851 /* PBXTargetDependency */ = {
			isa = PBXTargetDependency;
			target = 7E8E3A8E1C45D5380017F6C1 /* ios-deploy-lib */;
			targetProxy = 7EDCC3CA1C45D933002F9851 /* PBXContainerItemProxy */;
		};
/* End PBXTargetDependency section */

/* Begin XCBuildConfiguration section */
		7E7089931B587BF3004D23AA /* Debug */ = {
			isa = XCBuildConfiguration;
			buildSettings = {
				ALWAYS_SEARCH_USER_PATHS = NO;
				CLANG_CXX_LANGUAGE_STANDARD = "gnu++0x";
				CLANG_CXX_LIBRARY = "libc++";
				CLANG_ENABLE_MODULES = YES;
				CLANG_ENABLE_OBJC_ARC = YES;
				CLANG_WARN_BOOL_CONVERSION = YES;
				CLANG_WARN_CONSTANT_CONVERSION = YES;
				CLANG_WARN_DIRECT_OBJC_ISA_USAGE = YES_ERROR;
				CLANG_WARN_EMPTY_BODY = YES;
				CLANG_WARN_ENUM_CONVERSION = YES;
				CLANG_WARN_INFINITE_RECURSION = YES;
				CLANG_WARN_INT_CONVERSION = YES;
				CLANG_WARN_OBJC_ROOT_CLASS = YES_ERROR;
				CLANG_WARN_SUSPICIOUS_MOVE = YES;
				CLANG_WARN_UNREACHABLE_CODE = YES;
				CLANG_WARN__DUPLICATE_METHOD_MATCH = YES;
				COPY_PHASE_STRIP = NO;
				DEBUG_INFORMATION_FORMAT = dwarf;
				ENABLE_STRICT_OBJC_MSGSEND = YES;
				ENABLE_TESTABILITY = YES;
				GCC_C_LANGUAGE_STANDARD = gnu99;
				GCC_DYNAMIC_NO_PIC = NO;
				GCC_NO_COMMON_BLOCKS = YES;
				GCC_OPTIMIZATION_LEVEL = 0;
				GCC_PREPROCESSOR_DEFINITIONS = (
					"DEBUG=1",
					"$(inherited)",
				);
				GCC_SYMBOLS_PRIVATE_EXTERN = NO;
				GCC_WARN_64_TO_32_BIT_CONVERSION = YES;
				GCC_WARN_ABOUT_RETURN_TYPE = YES_ERROR;
				GCC_WARN_UNDECLARED_SELECTOR = YES;
				GCC_WARN_UNINITIALIZED_AUTOS = YES_AGGRESSIVE;
				GCC_WARN_UNUSED_FUNCTION = YES;
				GCC_WARN_UNUSED_VARIABLE = YES;
				MACOSX_DEPLOYMENT_TARGET = 10.8;
				MTL_ENABLE_DEBUG_INFO = YES;
				ONLY_ACTIVE_ARCH = YES;
				OTHER_LDFLAGS = (
					"-framework",
					MobileDevice,
					"-F/System/Library/PrivateFrameworks",
				);
				SDKROOT = macosx;
			};
			name = Debug;
		};
		7E7089941B587BF3004D23AA /* Release */ = {
			isa = XCBuildConfiguration;
			buildSettings = {
				ALWAYS_SEARCH_USER_PATHS = NO;
				CLANG_CXX_LANGUAGE_STANDARD = "gnu++0x";
				CLANG_CXX_LIBRARY = "libc++";
				CLANG_ENABLE_MODULES = YES;
				CLANG_ENABLE_OBJC_ARC = YES;
				CLANG_WARN_BOOL_CONVERSION = YES;
				CLANG_WARN_CONSTANT_CONVERSION = YES;
				CLANG_WARN_DIRECT_OBJC_ISA_USAGE = YES_ERROR;
				CLANG_WARN_EMPTY_BODY = YES;
				CLANG_WARN_ENUM_CONVERSION = YES;
				CLANG_WARN_INFINITE_RECURSION = YES;
				CLANG_WARN_INT_CONVERSION = YES;
				CLANG_WARN_OBJC_ROOT_CLASS = YES_ERROR;
				CLANG_WARN_SUSPICIOUS_MOVE = YES;
				CLANG_WARN_UNREACHABLE_CODE = YES;
				CLANG_WARN__DUPLICATE_METHOD_MATCH = YES;
				COPY_PHASE_STRIP = NO;
				DEBUG_INFORMATION_FORMAT = "dwarf-with-dsym";
				ENABLE_NS_ASSERTIONS = NO;
				ENABLE_STRICT_OBJC_MSGSEND = YES;
				GCC_C_LANGUAGE_STANDARD = gnu99;
				GCC_NO_COMMON_BLOCKS = YES;
				GCC_WARN_64_TO_32_BIT_CONVERSION = YES;
				GCC_WARN_ABOUT_RETURN_TYPE = YES_ERROR;
				GCC_WARN_UNDECLARED_SELECTOR = YES;
				GCC_WARN_UNINITIALIZED_AUTOS = YES_AGGRESSIVE;
				GCC_WARN_UNUSED_FUNCTION = YES;
				GCC_WARN_UNUSED_VARIABLE = YES;
				MACOSX_DEPLOYMENT_TARGET = 10.8;
				MTL_ENABLE_DEBUG_INFO = NO;
				OTHER_LDFLAGS = (
					"-framework",
					MobileDevice,
					"-F/System/Library/PrivateFrameworks",
				);
				SDKROOT = macosx;
			};
			name = Release;
		};
		7E7089961B587BF3004D23AA /* Debug */ = {
			isa = XCBuildConfiguration;
			buildSettings = {
				PRODUCT_NAME = "$(TARGET_NAME)";
			};
			name = Debug;
		};
		7E7089971B587BF3004D23AA /* Release */ = {
			isa = XCBuildConfiguration;
			buildSettings = {
				PRODUCT_NAME = "$(TARGET_NAME)";
			};
			name = Release;
		};
		7E8E3A881C45D4CE0017F6C1 /* Debug */ = {
			isa = XCBuildConfiguration;
			buildSettings = {
				CODE_SIGN_IDENTITY = "-";
				COMBINE_HIDPI_IMAGES = YES;
				INFOPLIST_FILE = "src/ios-deploy-tests/Info.plist";
				LD_RUNPATH_SEARCH_PATHS = "$(inherited) @executable_path/../Frameworks @loader_path/../Frameworks";
				MACOSX_DEPLOYMENT_TARGET = 10.11;
				PRODUCT_BUNDLE_IDENTIFIER = "com.phonegap.ios-deploy-tests";
				PRODUCT_NAME = "$(TARGET_NAME)";
			};
			name = Debug;
		};
		7E8E3A891C45D4CE0017F6C1 /* Release */ = {
			isa = XCBuildConfiguration;
			buildSettings = {
				CODE_SIGN_IDENTITY = "-";
				COMBINE_HIDPI_IMAGES = YES;
				INFOPLIST_FILE = "src/ios-deploy-tests/Info.plist";
				LD_RUNPATH_SEARCH_PATHS = "$(inherited) @executable_path/../Frameworks @loader_path/../Frameworks";
				MACOSX_DEPLOYMENT_TARGET = 10.11;
				PRODUCT_BUNDLE_IDENTIFIER = "com.phonegap.ios-deploy-tests";
				PRODUCT_NAME = "$(TARGET_NAME)";
			};
			name = Release;
		};
		7E8E3A961C45D5380017F6C1 /* Debug */ = {
			isa = XCBuildConfiguration;
			buildSettings = {
				CODE_SIGN_IDENTITY = "-";
				EXECUTABLE_PREFIX = lib;
				INSTALL_PATH = "";
				MACOSX_DEPLOYMENT_TARGET = 10.11;
				OTHER_LDFLAGS = (
					"-framework",
					MobileDevice,
					"-F/System/Library/PrivateFrameworks",
				);
				PRODUCT_NAME = "ios-deploy";
				PUBLIC_HEADERS_FOLDER_PATH = "";
			};
			name = Debug;
		};
		7E8E3A971C45D5380017F6C1 /* Release */ = {
			isa = XCBuildConfiguration;
			buildSettings = {
				CODE_SIGN_IDENTITY = "-";
				EXECUTABLE_PREFIX = lib;
				INSTALL_PATH = "";
				MACOSX_DEPLOYMENT_TARGET = 10.11;
				OTHER_LDFLAGS = (
					"-framework",
					MobileDevice,
					"-F/System/Library/PrivateFrameworks",
				);
				PRODUCT_NAME = "ios-deploy";
				PUBLIC_HEADERS_FOLDER_PATH = "";
			};
			name = Release;
		};
/* End XCBuildConfiguration section */

/* Begin XCConfigurationList section */
		7E7089891B587BF3004D23AA /* Build configuration list for PBXProject "ios-deploy" */ = {
			isa = XCConfigurationList;
			buildConfigurations = (
				7E7089931B587BF3004D23AA /* Debug */,
				7E7089941B587BF3004D23AA /* Release */,
			);
			defaultConfigurationIsVisible = 0;
			defaultConfigurationName = Release;
		};
		7E7089951B587BF3004D23AA /* Build configuration list for PBXNativeTarget "ios-deploy" */ = {
			isa = XCConfigurationList;
			buildConfigurations = (
				7E7089961B587BF3004D23AA /* Debug */,
				7E7089971B587BF3004D23AA /* Release */,
			);
			defaultConfigurationIsVisible = 0;
			defaultConfigurationName = Release;
		};
		7E8E3A8A1C45D4CE0017F6C1 /* Build configuration list for PBXNativeTarget "ios-deploy-tests" */ = {
			isa = XCConfigurationList;
			buildConfigurations = (
				7E8E3A881C45D4CE0017F6C1 /* Debug */,
				7E8E3A891C45D4CE0017F6C1 /* Release */,
			);
			defaultConfigurationIsVisible = 0;
			defaultConfigurationName = Release;
		};
		7E8E3A951C45D5380017F6C1 /* Build configuration list for PBXNativeTarget "ios-deploy-lib" */ = {
			isa = XCConfigurationList;
			buildConfigurations = (
				7E8E3A961C45D5380017F6C1 /* Debug */,
				7E8E3A971C45D5380017F6C1 /* Release */,
			);
			defaultConfigurationIsVisible = 0;
			defaultConfigurationName = Release;
		};
/* End XCConfigurationList section */
	};
	rootObject = 7E7089861B587BF3004D23AA /* Project object */;
}
